
Microsoft Visual Studio Solution File, Format Version 12.00
# Visual Studio Version 16
VisualStudioVersion = 16.0.30011.22
MinimumVisualStudioVersion = 10.0.40219.1
Project("{9A19103F-16F7-4668-BE54-9A1E7A4F7556}") = "Parser", "Parser\Parser.csproj", "{13713B00-8831-4EB8-8CBA-720DDBB13E8C}"
EndProject
Project("{FAE04EC0-301F-11D3-BF4B-00C04F79EFBC}") = "BotTesting", "BotTesting\BotTesting.csproj", "{96742067-B610-4072-8DD9-D396B25C7E43}"
EndProject
Global
	GlobalSection(SolutionConfigurationPlatforms) = preSolution
		Debug|Any CPU = Debug|Any CPU
		Release|Any CPU = Release|Any CPU
	EndGlobalSection
	GlobalSection(ProjectConfigurationPlatforms) = postSolution
		{13713B00-8831-4EB8-8CBA-720DDBB13E8C}.Debug|Any CPU.ActiveCfg = Debug|Any CPU
		{13713B00-8831-4EB8-8CBA-720DDBB13E8C}.Debug|Any CPU.Build.0 = Debug|Any CPU
		{13713B00-8831-4EB8-8CBA-720DDBB13E8C}.Release|Any CPU.ActiveCfg = Release|Any CPU
		{13713B00-8831-4EB8-8CBA-720DDBB13E8C}.Release|Any CPU.Build.0 = Release|Any CPU
		{96742067-B610-4072-8DD9-D396B25C7E43}.Debug|Any CPU.ActiveCfg = Debug|Any CPU
		{96742067-B610-4072-8DD9-D396B25C7E43}.Debug|Any CPU.Build.0 = Debug|Any CPU
		{96742067-B610-4072-8DD9-D396B25C7E43}.Release|Any CPU.ActiveCfg = Release|Any CPU
		{96742067-B610-4072-8DD9-D396B25C7E43}.Release|Any CPU.Build.0 = Release|Any CPU
	EndGlobalSection
	GlobalSection(SolutionProperties) = preSolution
		HideSolutionNode = FALSE
	EndGlobalSection
	GlobalSection(ExtensibilityGlobals) = postSolution
		SolutionGuid = {BAA7C3A3-0F19-413C-BDCD-86AECB636E17}
	EndGlobalSection
EndGlobal
